
Microsoft Visual Studio Solution File, Format Version 12.00
# Visual Studio Version 17
VisualStudioVersion = 17.5.002.0
MinimumVisualStudioVersion = 10.0.40219.1
Project("{9A19103F-16F7-4668-BE54-9A1E7A4F7556}") = "PSM.Cli", "PSM.Cli\PSM.Cli.csproj", "{C16BC17D-2143-49B0-89A9-BF245A731512}"
EndProject
Project("{2150E333-8FDC-42A3-9474-1A3956D46DE8}") = "Solution Items", "Solution Items", "{6F9B085C-2B40-4E21-B4C9-D2DE6A039607}"
	ProjectSection(SolutionItems) = preProject
		.editorconfig = .editorconfig
		stylecop.json = stylecop.json
	EndProjectSection
EndProject
Project("{9A19103F-16F7-4668-BE54-9A1E7A4F7556}") = "PSM.Common", "PSM.Common\PSM.Common.csproj", "{D70A8FF2-EEE1-42E1-B10A-1A0AFEC25874}"
EndProject
Project("{9A19103F-16F7-4668-BE54-9A1E7A4F7556}") = "PSM.Common.PROPEL", "PSM.Common.PROPEL\PSM.Common.PROPEL.csproj", "{F0345212-59F9-4982-9A62-793535544266}"
EndProject
Project("{9A19103F-16F7-4668-BE54-9A1E7A4F7556}") = "PSM.Common.MuCalc", "PSM.Common.MuCalc\PSM.Common.MuCalc.csproj", "{CB939831-DF71-45AE-9F3E-99774531D41E}"
EndProject
Project("{2150E333-8FDC-42A3-9474-1A3956D46DE8}") = "Common", "Common", "{93161010-9046-4CB6-A755-FF9F22D661B4}"
EndProject
Project("{FAE04EC0-301F-11D3-BF4B-00C04F79EFBC}") = "PSM.Constructors.PROPEL2MuCalc", "PSM.Constructors.PROPEL2MuCalc\PSM.Constructors.PROPEL2MuCalc.csproj", "{F16A27D5-EE53-4F52-A348-D65C8A460AF7}"
EndProject
Project("{FAE04EC0-301F-11D3-BF4B-00C04F79EFBC}") = "PSM.Common.MuCalc.Tests", "PSM.Common.MuCalc.Tests\PSM.Common.MuCalc.Tests.csproj", "{61534FA6-B4E9-4C9F-B238-048E813D660F}"
EndProject
Project("{FAE04EC0-301F-11D3-BF4B-00C04F79EFBC}") = "PSM.Constructors.PROPEL2MuCalc.Tests", "PSM.Constructors.PROPEL2MuCalc.Tests\PSM.Constructors.PROPEL2MuCalc.Tests.csproj", "{C0393A48-0E7F-4795-9998-C2A3B37B6F3B}"
EndProject
Project("{FAE04EC0-301F-11D3-BF4B-00C04F79EFBC}") = "PSM.Parsers.Labels.Grammar", "PSM.Parsers.Labels.Grammar\PSM.Parsers.Labels.Grammar.csproj", "{DF28B906-5656-4D9F-8FE5-F31730296876}"
EndProject
Project("{FAE04EC0-301F-11D3-BF4B-00C04F79EFBC}") = "PSM.Parsers.Labels", "PSM.Parsers.Labels\PSM.Parsers.Labels.csproj", "{BFBD580F-41F8-4947-9015-2FD137630063}"
EndProject
Global
	GlobalSection(SolutionConfigurationPlatforms) = preSolution
		Debug|Any CPU = Debug|Any CPU
		Release|Any CPU = Release|Any CPU
	EndGlobalSection
	GlobalSection(ProjectConfigurationPlatforms) = postSolution
		{C16BC17D-2143-49B0-89A9-BF245A731512}.Debug|Any CPU.ActiveCfg = Debug|Any CPU
		{C16BC17D-2143-49B0-89A9-BF245A731512}.Debug|Any CPU.Build.0 = Debug|Any CPU
		{C16BC17D-2143-49B0-89A9-BF245A731512}.Release|Any CPU.ActiveCfg = Release|Any CPU
		{C16BC17D-2143-49B0-89A9-BF245A731512}.Release|Any CPU.Build.0 = Release|Any CPU
		{D70A8FF2-EEE1-42E1-B10A-1A0AFEC25874}.Debug|Any CPU.ActiveCfg = Debug|Any CPU
		{D70A8FF2-EEE1-42E1-B10A-1A0AFEC25874}.Debug|Any CPU.Build.0 = Debug|Any CPU
		{D70A8FF2-EEE1-42E1-B10A-1A0AFEC25874}.Release|Any CPU.ActiveCfg = Release|Any CPU
		{D70A8FF2-EEE1-42E1-B10A-1A0AFEC25874}.Release|Any CPU.Build.0 = Release|Any CPU
		{F0345212-59F9-4982-9A62-793535544266}.Debug|Any CPU.ActiveCfg = Debug|Any CPU
		{F0345212-59F9-4982-9A62-793535544266}.Debug|Any CPU.Build.0 = Debug|Any CPU
		{F0345212-59F9-4982-9A62-793535544266}.Release|Any CPU.ActiveCfg = Release|Any CPU
		{F0345212-59F9-4982-9A62-793535544266}.Release|Any CPU.Build.0 = Release|Any CPU
		{CB939831-DF71-45AE-9F3E-99774531D41E}.Debug|Any CPU.ActiveCfg = Debug|Any CPU
		{CB939831-DF71-45AE-9F3E-99774531D41E}.Debug|Any CPU.Build.0 = Debug|Any CPU
		{CB939831-DF71-45AE-9F3E-99774531D41E}.Release|Any CPU.ActiveCfg = Release|Any CPU
		{CB939831-DF71-45AE-9F3E-99774531D41E}.Release|Any CPU.Build.0 = Release|Any CPU
		{F16A27D5-EE53-4F52-A348-D65C8A460AF7}.Debug|Any CPU.ActiveCfg = Debug|Any CPU
		{F16A27D5-EE53-4F52-A348-D65C8A460AF7}.Debug|Any CPU.Build.0 = Debug|Any CPU
		{F16A27D5-EE53-4F52-A348-D65C8A460AF7}.Release|Any CPU.ActiveCfg = Release|Any CPU
		{F16A27D5-EE53-4F52-A348-D65C8A460AF7}.Release|Any CPU.Build.0 = Release|Any CPU
		{61534FA6-B4E9-4C9F-B238-048E813D660F}.Debug|Any CPU.ActiveCfg = Debug|Any CPU
		{61534FA6-B4E9-4C9F-B238-048E813D660F}.Debug|Any CPU.Build.0 = Debug|Any CPU
		{61534FA6-B4E9-4C9F-B238-048E813D660F}.Release|Any CPU.ActiveCfg = Release|Any CPU
		{61534FA6-B4E9-4C9F-B238-048E813D660F}.Release|Any CPU.Build.0 = Release|Any CPU
		{C0393A48-0E7F-4795-9998-C2A3B37B6F3B}.Debug|Any CPU.ActiveCfg = Debug|Any CPU
		{C0393A48-0E7F-4795-9998-C2A3B37B6F3B}.Debug|Any CPU.Build.0 = Debug|Any CPU
		{C0393A48-0E7F-4795-9998-C2A3B37B6F3B}.Release|Any CPU.ActiveCfg = Release|Any CPU
		{C0393A48-0E7F-4795-9998-C2A3B37B6F3B}.Release|Any CPU.Build.0 = Release|Any CPU
		{DF28B906-5656-4D9F-8FE5-F31730296876}.Debug|Any CPU.ActiveCfg = Debug|Any CPU
		{DF28B906-5656-4D9F-8FE5-F31730296876}.Debug|Any CPU.Build.0 = Debug|Any CPU
		{DF28B906-5656-4D9F-8FE5-F31730296876}.Release|Any CPU.ActiveCfg = Release|Any CPU
		{DF28B906-5656-4D9F-8FE5-F31730296876}.Release|Any CPU.Build.0 = Release|Any CPU
		{BFBD580F-41F8-4947-9015-2FD137630063}.Debug|Any CPU.ActiveCfg = Debug|Any CPU
		{BFBD580F-41F8-4947-9015-2FD137630063}.Debug|Any CPU.Build.0 = Debug|Any CPU
		{BFBD580F-41F8-4947-9015-2FD137630063}.Release|Any CPU.ActiveCfg = Release|Any CPU
		{BFBD580F-41F8-4947-9015-2FD137630063}.Release|Any CPU.Build.0 = Release|Any CPU
	EndGlobalSection
	GlobalSection(SolutionProperties) = preSolution
		HideSolutionNode = FALSE
	EndGlobalSection
	GlobalSection(NestedProjects) = preSolution
		{D70A8FF2-EEE1-42E1-B10A-1A0AFEC25874} = {93161010-9046-4CB6-A755-FF9F22D661B4}
		{F0345212-59F9-4982-9A62-793535544266} = {93161010-9046-4CB6-A755-FF9F22D661B4}
		{CB939831-DF71-45AE-9F3E-99774531D41E} = {93161010-9046-4CB6-A755-FF9F22D661B4}
		{61534FA6-B4E9-4C9F-B238-048E813D660F} = {93161010-9046-4CB6-A755-FF9F22D661B4}
	EndGlobalSection
	GlobalSection(ExtensibilityGlobals) = postSolution
		SolutionGuid = {1E708B55-6514-4627-9316-07F073EF06F8}
	EndGlobalSection
EndGlobal
